// !$*UTF8*$!
{
	archiveVersion = 1;
	classes = {
	};
	objectVersion = 46;
	objects = {

/* Begin PBXBuildFile section */
		588F24D91D7988CC00D04EF4 /* AppDelegate.swift in Sources */ = {isa = PBXBuildFile; fileRef = 588F24D81D7988CC00D04EF4 /* AppDelegate.swift */; };
		588F24DB1D7988CC00D04EF4 /* ViewController.swift in Sources */ = {isa = PBXBuildFile; fileRef = 588F24DA1D7988CC00D04EF4 /* ViewController.swift */; };
		588F24DE1D7988CC00D04EF4 /* Main.storyboard in Resources */ = {isa = PBXBuildFile; fileRef = 588F24DC1D7988CC00D04EF4 /* Main.storyboard */; };
		588F24E01D7988CC00D04EF4 /* Assets.xcassets in Resources */ = {isa = PBXBuildFile; fileRef = 588F24DF1D7988CC00D04EF4 /* Assets.xcassets */; };
		588F24E31D7988CC00D04EF4 /* LaunchScreen.storyboard in Resources */ = {isa = PBXBuildFile; fileRef = 588F24E11D7988CC00D04EF4 /* LaunchScreen.storyboard */; };
/* End PBXBuildFile section */

/* Begin PBXFileReference section */
		588F24D51D7988CC00D04EF4 /* AVFoundationPractice.app */ = {isa = PBXFileReference; explicitFileType = wrapper.application; includeInIndex = 0; path = AVFoundationPractice.app; sourceTree = BUILT_PRODUCTS_DIR; };
		588F24D81D7988CC00D04EF4 /* AppDelegate.swift */ = {isa = PBXFileReference; lastKnownFileType = sourcecode.swift; path = AppDelegate.swift; sourceTree = "<group>"; };
		588F24DA1D7988CC00D04EF4 /* ViewController.swift */ = {isa = PBXFileReference; lastKnownFileType = sourcecode.swift; path = ViewController.swift; sourceTree = "<group>"; };
		588F24DD1D7988CC00D04EF4 /* Base */ = {isa = PBXFileReference; lastKnownFileType = file.storyboard; name = Base; path = Base.lproj/Main.storyboard; sourceTree = "<group>"; };
		588F24DF1D7988CC00D04EF4 /* Assets.xcassets */ = {isa = PBXFileReference; lastKnownFileType = folder.assetcatalog; path = Assets.xcassets; sourceTree = "<group>"; };
		588F24E21D7988CC00D04EF4 /* Base */ = {isa = PBXFileReference; lastKnownFileType = file.storyboard; name = Base; path = Base.lproj/LaunchScreen.storyboard; sourceTree = "<group>"; };
		588F24E41D7988CC00D04EF4 /* Info.plist */ = {isa = PBXFileReference; lastKnownFileType = text.plist.xml; path = Info.plist; sourceTree = "<group>"; };
/* End PBXFileReference section */

/* Begin PBXFrameworksBuildPhase section */
		588F24D21D7988CC00D04EF4 /* Frameworks */ = {
			isa = PBXFrameworksBuildPhase;
			buildActionMask = 2147483647;
			files = (
			);
			runOnlyForDeploymentPostprocessing = 0;
		};
/* End PBXFrameworksBuildPhase section */

/* Begin PBXGroup section */
		588F24CC1D7988CB00D04EF4 = {
			isa = PBXGroup;
			children = (
				588F24D71D7988CC00D04EF4 /* AVFoundationPractice */,
				588F24D61D7988CC00D04EF4 /* Products */,
			);
			sourceTree = "<group>";
		};
		588F24D61D7988CC00D04EF4 /* Products */ = {
			isa = PBXGroup;
			children = (
				588F24D51D7988CC00D04EF4 /* AVFoundationPractice.app */,
			);
			name = Products;
			sourceTree = "<group>";
		};
		588F24D71D7988CC00D04EF4 /* AVFoundationPractice */ = {
			isa = PBXGroup;
			children = (
				588F24D81D7988CC00D04EF4 /* AppDelegate.swift */,
				588F24DA1D7988CC00D04EF4 /* ViewController.swift */,
				588F24DC1D7988CC00D04EF4 /* Main.storyboard */,
				588F24DF1D7988CC00D04EF4 /* Assets.xcassets */,
				588F24E11D7988CC00D04EF4 /* LaunchScreen.storyboard */,
				588F24E41D7988CC00D04EF4 /* Info.plist */,
			);
			path = AVFoundationPractice;
			sourceTree = "<group>";
		};
/* End PBXGroup section */

/* Begin PBXNativeTarget section */
		588F24D41D7988CC00D04EF4 /* AVFoundationPractice */ = {
			isa = PBXNativeTarget;
			buildConfigurationList = 588F24E71D7988CC00D04EF4 /* Build configuration list for PBXNativeTarget "AVFoundationPractice" */;
			buildPhases = (
				588F24D11D7988CC00D04EF4 /* Sources */,
				588F24D21D7988CC00D04EF4 /* Frameworks */,
				588F24D31D7988CC00D04EF4 /* Resources */,
			);
			buildRules = (
			);
			dependencies = (
			);
			name = AVFoundationPractice;
			productName = AVFoundationPractice;
			productReference = 588F24D51D7988CC00D04EF4 /* AVFoundationPractice.app */;
			productType = "com.apple.product-type.application";
		};
/* End PBXNativeTarget section */

/* Begin PBXProject section */
		588F24CD1D7988CB00D04EF4 /* Project object */ = {
			isa = PBXProject;
			attributes = {
				LastSwiftUpdateCheck = 0800;
				LastUpgradeCheck = 0800;
				ORGANIZATIONNAME = ZK;
				TargetAttributes = {
					588F24D41D7988CC00D04EF4 = {
						CreatedOnToolsVersion = 8.0;
						ProvisioningStyle = Automatic;
					};
				};
			};
			buildConfigurationList = 588F24D01D7988CB00D04EF4 /* Build configuration list for PBXProject "AVFoundationPractice" */;
			compatibilityVersion = "Xcode 3.2";
			developmentRegion = English;
			hasScannedForEncodings = 0;
			knownRegions = (
				en,
				Base,
			);
			mainGroup = 588F24CC1D7988CB00D04EF4;
			productRefGroup = 588F24D61D7988CC00D04EF4 /* Products */;
			projectDirPath = "";
			projectRoot = "";
			targets = (
				588F24D41D7988CC00D04EF4 /* AVFoundationPractice */,
			);
		};
/* End PBXProject section */

/* Begin PBXResourcesBuildPhase section */
		588F24D31D7988CC00D04EF4 /* Resources */ = {
			isa = PBXResourcesBuildPhase;
			buildActionMask = 2147483647;
			files = (
				588F24E31D7988CC00D04EF4 /* LaunchScreen.storyboard in Resources */,
				588F24E01D7988CC00D04EF4 /* Assets.xcassets in Resources */,
				588F24DE1D7988CC00D04EF4 /* Main.storyboard in Resources */,
			);
			runOnlyForDeploymentPostprocessing = 0;
		};
/* End PBXResourcesBuildPhase section */

/* Begin PBXSourcesBuildPhase section */
		588F24D11D7988CC00D04EF4 /* Sources */ = {
			isa = PBXSourcesBuildPhase;
			buildActionMask = 2147483647;
			files = (
				588F24DB1D7988CC00D04EF4 /* ViewController.swift in Sources */,
				588F24D91D7988CC00D04EF4 /* AppDelegate.swift in Sources */,
			);
			runOnlyForDeploymentPostprocessing = 0;
		};
/* End PBXSourcesBuildPhase section */

/* Begin PBXVariantGroup section */
		588F24DC1D7988CC00D04EF4 /* Main.storyboard */ = {
			isa = PBXVariantGroup;
			children = (
				588F24DD1D7988CC00D04EF4 /* Base */,
			);
			name = Main.storyboard;
			sourceTree = "<group>";
		};
		588F24E11D7988CC00D04EF4 /* LaunchScreen.storyboard */ = {
			isa = PBXVariantGroup;
			children = (
				588F24E21D7988CC00D04EF4 /* Base */,
			);
			name = LaunchScreen.storyboard;
			sourceTree = "<group>";
		};
/* End PBXVariantGroup section */

/* Begin XCBuildConfiguration section */
		588F24E51D7988CC00D04EF4 /* Debug */ = {
			isa = XCBuildConfiguration;
			buildSettings = {
				ALWAYS_SEARCH_USER_PATHS = NO;
				CLANG_ANALYZER_NONNULL = YES;
				CLANG_CXX_LANGUAGE_STANDARD = "gnu++0x";
				CLANG_CXX_LIBRARY = "libc++";
				CLANG_ENABLE_MODULES = YES;
				CLANG_ENABLE_OBJC_ARC = YES;
				CLANG_WARN_BOOL_CONVERSION = YES;
				CLANG_WARN_CONSTANT_CONVERSION = YES;
				CLANG_WARN_DIRECT_OBJC_ISA_USAGE = YES_ERROR;
				CLANG_WARN_DOCUMENTATION_COMMENTS = YES;
				CLANG_WARN_EMPTY_BODY = YES;
				CLANG_WARN_ENUM_CONVERSION = YES;
				CLANG_WARN_INFINITE_RECURSION = YES;
				CLANG_WARN_INT_CONVERSION = YES;
				CLANG_WARN_OBJC_ROOT_CLASS = YES_ERROR;
				CLANG_WARN_SUSPICIOUS_MOVES = YES;
				CLANG_WARN_UNREACHABLE_CODE = YES;
				CLANG_WARN__DUPLICATE_METHOD_MATCH = YES;
				"CODE_SIGN_IDENTITY[sdk=iphoneos*]" = "iPhone Developer";
				COPY_PHASE_STRIP = NO;
				DEBUG_INFORMATION_FORMAT = dwarf;
				ENABLE_STRICT_OBJC_MSGSEND = YES;
				ENABLE_TESTABILITY = YES;
				GCC_C_LANGUAGE_STANDARD = gnu99;
				GCC_DYNAMIC_NO_PIC = NO;
				GCC_NO_COMMON_BLOCKS = YES;
				GCC_OPTIMIZATION_LEVEL = 0;
				GCC_PREPROCESSOR_DEFINITIONS = (
					"DEBUG=1",
					"$(inherited)",
				);
				GCC_WARN_64_TO_32_BIT_CONVERSION = YES;
				GCC_WARN_ABOUT_RETURN_TYPE = YES_ERROR;
				GCC_WARN_UNDECLARED_SELECTOR = YES;
				GCC_WARN_UNINITIALIZED_AUTOS = YES_AGGRESSIVE;
				GCC_WARN_UNUSED_FUNCTION = YES;
				GCC_WARN_UNUSED_VARIABLE = YES;
				IPHONEOS_DEPLOYMENT_TARGET = 10.0;
				MTL_ENABLE_DEBUG_INFO = YES;
				ONLY_ACTIVE_ARCH = YES;
				SDKROOT = iphoneos;
				SWIFT_ACTIVE_COMPILATION_CONDITIONS = DEBUG;
				SWIFT_OPTIMIZATION_LEVEL = "-Onone";
			};
			name = Debug;
		};
		588F24E61D7988CC00D04EF4 /* Release */ = {
			isa = XCBuildConfiguration;
			buildSettings = {
				ALWAYS_SEARCH_USER_PATHS = NO;
				CLANG_ANALYZER_NONNULL = YES;
				CLANG_CXX_LANGUAGE_STANDARD = "gnu++0x";
				CLANG_CXX_LIBRARY = "libc++";
				CLANG_ENABLE_MODULES = YES;
				CLANG_ENABLE_OBJC_ARC = YES;
				CLANG_WARN_BOOL_CONVERSION = YES;
				CLANG_WARN_CONSTANT_CONVERSION = YES;
				CLANG_WARN_DIRECT_OBJC_ISA_USAGE = YES_ERROR;
				CLANG_WARN_DOCUMENTATION_COMMENTS = YES;
				CLANG_WARN_EMPTY_BODY = YES;
				CLANG_WARN_ENUM_CONVERSION = YES;
				CLANG_WARN_INFINITE_RECURSION = YES;
				CLANG_WARN_INT_CONVERSION = YES;
				CLANG_WARN_OBJC_ROOT_CLASS = YES_ERROR;
				CLANG_WARN_SUSPICIOUS_MOVES = YES;
				CLANG_WARN_UNREACHABLE_CODE = YES;
				CLANG_WARN__DUPLICATE_METHOD_MATCH = YES;
				"CODE_SIGN_IDENTITY[sdk=iphoneos*]" = "iPhone Developer";
				COPY_PHASE_STRIP = NO;
				DEBUG_INFORMATION_FORMAT = "dwarf-with-dsym";
				ENABLE_NS_ASSERTIONS = NO;
				ENABLE_STRICT_OBJC_MSGSEND = YES;
				GCC_C_LANGUAGE_STANDARD = gnu99;
				GCC_NO_COMMON_BLOCKS = YES;
				GCC_WARN_64_TO_32_BIT_CONVERSION = YES;
				GCC_WARN_ABOUT_RETURN_TYPE = YES_ERROR;
				GCC_WARN_UNDECLARED_SELECTOR = YES;
				GCC_WARN_UNINITIALIZED_AUTOS = YES_AGGRESSIVE;
				GCC_WARN_UNUSED_FUNCTION = YES;
				GCC_WARN_UNUSED_VARIABLE = YES;
				IPHONEOS_DEPLOYMENT_TARGET = 10.0;
				MTL_ENABLE_DEBUG_INFO = NO;
				SDKROOT = iphoneos;
				SWIFT_OPTIMIZATION_LEVEL = "-Owholemodule";
				VALIDATE_PRODUCT = YES;
			};
			name = Release;
		};
		588F24E81D7988CC00D04EF4 /* Debug */ = {
			isa = XCBuildConfiguration;
			buildSettings = {
				ASSETCATALOG_COMPILER_APPICON_NAME = AppIcon;
				INFOPLIST_FILE = AVFoundationPractice/Info.plist;
				LD_RUNPATH_SEARCH_PATHS = "$(inherited) @executable_path/Frameworks";
				PRODUCT_BUNDLE_IDENTIFIER = gl.AVFoundationPractice;
				PRODUCT_NAME = "$(TARGET_NAME)";
				SWIFT_VERSION = 3.0;
			};
			name = Debug;
		};
		588F24E91D7988CC00D04EF4 /* Release */ = {
			isa = XCBuildConfiguration;
			buildSettings = {
				ASSETCATALOG_COMPILER_APPICON_NAME = AppIcon;
				INFOPLIST_FILE = AVFoundationPractice/Info.plist;
				LD_RUNPATH_SEARCH_PATHS = "$(inherited) @executable_path/Frameworks";
				PRODUCT_BUNDLE_IDENTIFIER = gl.AVFoundationPractice;
				PRODUCT_NAME = "$(TARGET_NAME)";
				SWIFT_VERSION = 3.0;
			};
			name = Release;
		};
/* End XCBuildConfiguration section */

/* Begin XCConfigurationList section */
		588F24D01D7988CB00D04EF4 /* Build configuration list for PBXProject "AVFoundationPractice" */ = {
			isa = XCConfigurationList;
			buildConfigurations = (
				588F24E51D7988CC00D04EF4 /* Debug */,
				588F24E61D7988CC00D04EF4 /* Release */,
			);
			defaultConfigurationIsVisible = 0;
			defaultConfigurationName = Release;
		};
		588F24E71D7988CC00D04EF4 /* Build configuration list for PBXNativeTarget "AVFoundationPractice" */ = {
			isa = XCConfigurationList;
			buildConfigurations = (
				588F24E81D7988CC00D04EF4 /* Debug */,
				588F24E91D7988CC00D04EF4 /* Release */,
			);
			defaultConfigurationIsVisible = 0;
		};
/* End XCConfigurationList section */
	};
	rootObject = 588F24CD1D7988CB00D04EF4 /* Project object */;
}
